
Microsoft Visual Studio Solution File, Format Version 12.00
# Visual Studio 11
Project("{FAE04EC0-301F-11D3-BF4B-00C04F79EFBC}") = "Server", "Server\Server.csproj", "{44298801-D871-41CE-9B71-851EADEC475C}"
EndProject
Project("{FAE04EC0-301F-11D3-BF4B-00C04F79EFBC}") = "AgentHost", "AgentHost\AgentHost.csproj", "{993092FB-19E8-440D-AA52-5B44007D337D}"
EndProject
Project("{FAE04EC0-301F-11D3-BF4B-00C04F79EFBC}") = "Console", "Console\Console.csproj", "{D0E88A64-9317-4E78-89FA-236756639086}"
EndProject
Global
	GlobalSection(SolutionConfigurationPlatforms) = preSolution
		Debug|Any CPU = Debug|Any CPU
		Release|Any CPU = Release|Any CPU
	EndGlobalSection
	GlobalSection(ProjectConfigurationPlatforms) = postSolution
		{44298801-D871-41CE-9B71-851EADEC475C}.Debug|Any CPU.ActiveCfg = Debug|Any CPU
		{44298801-D871-41CE-9B71-851EADEC475C}.Debug|Any CPU.Build.0 = Debug|Any CPU
		{44298801-D871-41CE-9B71-851EADEC475C}.Release|Any CPU.ActiveCfg = Release|Any CPU
		{44298801-D871-41CE-9B71-851EADEC475C}.Release|Any CPU.Build.0 = Release|Any CPU
		{993092FB-19E8-440D-AA52-5B44007D337D}.Debug|Any CPU.ActiveCfg = Debug|Any CPU
		{993092FB-19E8-440D-AA52-5B44007D337D}.Debug|Any CPU.Build.0 = Debug|Any CPU
		{993092FB-19E8-440D-AA52-5B44007D337D}.Release|Any CPU.ActiveCfg = Release|Any CPU
		{993092FB-19E8-440D-AA52-5B44007D337D}.Release|Any CPU.Build.0 = Release|Any CPU
		{D0E88A64-9317-4E78-89FA-236756639086}.Debug|Any CPU.ActiveCfg = Debug|Any CPU
		{D0E88A64-9317-4E78-89FA-236756639086}.Debug|Any CPU.Build.0 = Debug|Any CPU
		{D0E88A64-9317-4E78-89FA-236756639086}.Release|Any CPU.ActiveCfg = Release|Any CPU
		{D0E88A64-9317-4E78-89FA-236756639086}.Release|Any CPU.Build.0 = Release|Any CPU
	EndGlobalSection
	GlobalSection(SolutionProperties) = preSolution
		HideSolutionNode = FALSE
	EndGlobalSection
EndGlobal
